
Microsoft Visual Studio Solution File, Format Version 12.00
# Visual Studio Version 17
VisualStudioVersion = 17.14.36603.0 d17.14
MinimumVisualStudioVersion = 10.0.40219.1
Project("{FAE04EC0-301F-11D3-BF4B-00C04F79EFBC}") = "Elitech", "Elitech.csproj", "{7A1BC47F-E295-4825-AAA6-C707EBD9D3B1}"
EndProject
Global
	GlobalSection(SolutionConfigurationPlatforms) = preSolution
		Debug|Any CPU = Debug|Any CPU
		Release|Any CPU = Release|Any CPU
	EndGlobalSection
	GlobalSection(ProjectConfigurationPlatforms) = postSolution
		{7A1BC47F-E295-4825-AAA6-C707EBD9D3B1}.Debug|Any CPU.ActiveCfg = Debug|Any CPU
		{7A1BC47F-E295-4825-AAA6-C707EBD9D3B1}.Debug|Any CPU.Build.0 = Debug|Any CPU
		{7A1BC47F-E295-4825-AAA6-C707EBD9D3B1}.Release|Any CPU.ActiveCfg = Release|Any CPU
		{7A1BC47F-E295-4825-AAA6-C707EBD9D3B1}.Release|Any CPU.Build.0 = Release|Any CPU
	EndGlobalSection
	GlobalSection(SolutionProperties) = preSolution
		HideSolutionNode = FALSE
	EndGlobalSection
	GlobalSection(ExtensibilityGlobals) = postSolution
		SolutionGuid = {1BF0C9FA-547E-4562-B296-9F5F972265D2}
	EndGlobalSection
EndGlobal
